
Microsoft Visual Studio Solution File, Format Version 12.00
# Visual Studio Version 17
VisualStudioVersion = 17.11.35312.102
MinimumVisualStudioVersion = 10.0.40219.1
Project("{FAE04EC0-301F-11D3-BF4B-00C04F79EFBC}") = "paterni_povidenia", "paterni_povidenia\paterni_povidenia.csproj", "{A62C485F-00A8-4484-B8EF-6380C4073058}"
EndProject
Global
	GlobalSection(SolutionConfigurationPlatforms) = preSolution
		Debug|Any CPU = Debug|Any CPU
		Release|Any CPU = Release|Any CPU
	EndGlobalSection
	GlobalSection(ProjectConfigurationPlatforms) = postSolution
		{A62C485F-00A8-4484-B8EF-6380C4073058}.Debug|Any CPU.ActiveCfg = Debug|Any CPU
		{A62C485F-00A8-4484-B8EF-6380C4073058}.Debug|Any CPU.Build.0 = Debug|Any CPU
		{A62C485F-00A8-4484-B8EF-6380C4073058}.Release|Any CPU.ActiveCfg = Release|Any CPU
		{A62C485F-00A8-4484-B8EF-6380C4073058}.Release|Any CPU.Build.0 = Release|Any CPU
	EndGlobalSection
	GlobalSection(SolutionProperties) = preSolution
		HideSolutionNode = FALSE
	EndGlobalSection
	GlobalSection(ExtensibilityGlobals) = postSolution
		SolutionGuid = {727791B8-F01D-4FDF-8A4D-AFD598C0428B}
	EndGlobalSection
EndGlobal
